
Microsoft Visual Studio Solution File, Format Version 12.00
# Visual Studio 15
VisualStudioVersion = 15.0.28307.1340
MinimumVisualStudioVersion = 10.0.40219.1
Project("{FAE04EC0-301F-11D3-BF4B-00C04F79EFBC}") = "EquipodeFutbol", "EquipodeFutbol\EquipodeFutbol.csproj", "{13F87E63-3EDF-4757-8F1C-901BBE01E8F7}"
EndProject
Global
	GlobalSection(SolutionConfigurationPlatforms) = preSolution
		Debug|Any CPU = Debug|Any CPU
		Release|Any CPU = Release|Any CPU
	EndGlobalSection
	GlobalSection(ProjectConfigurationPlatforms) = postSolution
		{13F87E63-3EDF-4757-8F1C-901BBE01E8F7}.Debug|Any CPU.ActiveCfg = Debug|Any CPU
		{13F87E63-3EDF-4757-8F1C-901BBE01E8F7}.Debug|Any CPU.Build.0 = Debug|Any CPU
		{13F87E63-3EDF-4757-8F1C-901BBE01E8F7}.Release|Any CPU.ActiveCfg = Release|Any CPU
		{13F87E63-3EDF-4757-8F1C-901BBE01E8F7}.Release|Any CPU.Build.0 = Release|Any CPU
	EndGlobalSection
	GlobalSection(SolutionProperties) = preSolution
		HideSolutionNode = FALSE
	EndGlobalSection
	GlobalSection(ExtensibilityGlobals) = postSolution
		SolutionGuid = {3D4279E8-1553-43DB-A3C0-66BE1A687A2E}
	EndGlobalSection
EndGlobal
